
Microsoft Visual Studio Solution File, Format Version 12.00
# Visual Studio 15
VisualStudioVersion = 15.0.26228.12
MinimumVisualStudioVersion = 10.0.40219.1
Project("{FAE04EC0-301F-11D3-BF4B-00C04F79EFBC}") = "claclibrary", "claclibrary\claclibrary.csproj", "{95C3856B-6018-4D75-B405-A72E17538138}"
EndProject
Project("{FAE04EC0-301F-11D3-BF4B-00C04F79EFBC}") = "ClassLibrary1", "ClassLibrary1\ClassLibrary1.csproj", "{6AFC05A0-EE17-4523-9CBF-42DB7E8EB41D}"
EndProject
Project("{FAE04EC0-301F-11D3-BF4B-00C04F79EFBC}") = "ConsoleApp1", "ConsoleApp1\ConsoleApp1.csproj", "{184A189D-DA82-4CF5-B829-256A8A044A7F}"
EndProject
Project("{FAE04EC0-301F-11D3-BF4B-00C04F79EFBC}") = "ConsoleApp2", "ConsoleApp2\ConsoleApp2.csproj", "{4E9F41A9-F187-463A-AF68-36DFD1F57C7E}"
EndProject
Project("{FAE04EC0-301F-11D3-BF4B-00C04F79EFBC}") = "ClassLibrary2", "ClassLibrary2\ClassLibrary2.csproj", "{2AA31BC0-0F09-4F91-9109-36A47B81563C}"
EndProject
Project("{8BC9CEB8-8B4A-11D0-8D11-00A0C91BC942}") = "ConsoleApplication1", "ConsoleApplication1\ConsoleApplication1.vcxproj", "{2522ADFD-2C76-4992-B9B2-58E60A481EDD}"
EndProject
Project("{FAE04EC0-301F-11D3-BF4B-00C04F79EFBC}") = "ClassLibrary3", "ClassLibrary3\ClassLibrary3.csproj", "{75DF0C0B-9E77-4FED-B3F1-E61628E629AD}"
EndProject
Project("{FAE04EC0-301F-11D3-BF4B-00C04F79EFBC}") = "WindowsFormsApp1", "WindowsFormsApp1\WindowsFormsApp1.csproj", "{D0D352D6-215A-4D2D-A4B1-9595D02F5273}"
EndProject
Project("{F2A71F9B-5D33-465A-A702-920D77279786}") = "ConsoleApplication2", "ConsoleApplication2\ConsoleApplication2.fsproj", "{DDCCD4C8-B1D2-48B2-96A1-46366B1946C9}"
EndProject
Project("{F184B08F-C81C-45F6-A57F-5ABD9991F28F}") = "ConsoleApp3", "ConsoleApp3\ConsoleApp3.vbproj", "{96F7CFBC-8F6B-4C35-B253-DDC1617204E1}"
EndProject
Global
	GlobalSection(SolutionConfigurationPlatforms) = preSolution
		Debug|Any CPU = Debug|Any CPU
		Debug|ARM = Debug|ARM
		Debug|ARM64 = Debug|ARM64
		Debug|x64 = Debug|x64
		Debug|x86 = Debug|x86
		Release|Any CPU = Release|Any CPU
		Release|ARM = Release|ARM
		Release|ARM64 = Release|ARM64
		Release|x64 = Release|x64
		Release|x86 = Release|x86
	EndGlobalSection
	GlobalSection(ProjectConfigurationPlatforms) = postSolution
		{95C3856B-6018-4D75-B405-A72E17538138}.Debug|Any CPU.ActiveCfg = Debug|Any CPU
		{95C3856B-6018-4D75-B405-A72E17538138}.Debug|Any CPU.Build.0 = Debug|Any CPU
		{95C3856B-6018-4D75-B405-A72E17538138}.Debug|ARM.ActiveCfg = Debug|Any CPU
		{95C3856B-6018-4D75-B405-A72E17538138}.Debug|ARM.Build.0 = Debug|Any CPU
		{95C3856B-6018-4D75-B405-A72E17538138}.Debug|ARM64.ActiveCfg = Debug|Any CPU
		{95C3856B-6018-4D75-B405-A72E17538138}.Debug|ARM64.Build.0 = Debug|Any CPU
		{95C3856B-6018-4D75-B405-A72E17538138}.Debug|x64.ActiveCfg = Debug|Any CPU
		{95C3856B-6018-4D75-B405-A72E17538138}.Debug|x64.Build.0 = Debug|Any CPU
		{95C3856B-6018-4D75-B405-A72E17538138}.Debug|x86.ActiveCfg = Debug|Any CPU
		{95C3856B-6018-4D75-B405-A72E17538138}.Debug|x86.Build.0 = Debug|Any CPU
		{95C3856B-6018-4D75-B405-A72E17538138}.Release|Any CPU.ActiveCfg = Release|Any CPU
		{95C3856B-6018-4D75-B405-A72E17538138}.Release|Any CPU.Build.0 = Release|Any CPU
		{95C3856B-6018-4D75-B405-A72E17538138}.Release|ARM.ActiveCfg = Release|Any CPU
		{95C3856B-6018-4D75-B405-A72E17538138}.Release|ARM.Build.0 = Release|Any CPU
		{95C3856B-6018-4D75-B405-A72E17538138}.Release|ARM64.ActiveCfg = Release|Any CPU
		{95C3856B-6018-4D75-B405-A72E17538138}.Release|ARM64.Build.0 = Release|Any CPU
		{95C3856B-6018-4D75-B405-A72E17538138}.Release|x64.ActiveCfg = Release|Any CPU
		{95C3856B-6018-4D75-B405-A72E17538138}.Release|x64.Build.0 = Release|Any CPU
		{95C3856B-6018-4D75-B405-A72E17538138}.Release|x86.ActiveCfg = Release|Any CPU
		{95C3856B-6018-4D75-B405-A72E17538138}.Release|x86.Build.0 = Release|Any CPU
		{6AFC05A0-EE17-4523-9CBF-42DB7E8EB41D}.Debug|Any CPU.ActiveCfg = Debug|Any CPU
		{6AFC05A0-EE17-4523-9CBF-42DB7E8EB41D}.Debug|Any CPU.Build.0 = Debug|Any CPU
		{6AFC05A0-EE17-4523-9CBF-42DB7E8EB41D}.Debug|ARM.ActiveCfg = Debug|Any CPU
		{6AFC05A0-EE17-4523-9CBF-42DB7E8EB41D}.Debug|ARM.Build.0 = Debug|Any CPU
		{6AFC05A0-EE17-4523-9CBF-42DB7E8EB41D}.Debug|ARM64.ActiveCfg = Debug|Any CPU
		{6AFC05A0-EE17-4523-9CBF-42DB7E8EB41D}.Debug|ARM64.Build.0 = Debug|Any CPU
		{6AFC05A0-EE17-4523-9CBF-42DB7E8EB41D}.Debug|x64.ActiveCfg = Debug|Any CPU
		{6AFC05A0-EE17-4523-9CBF-42DB7E8EB41D}.Debug|x64.Build.0 = Debug|Any CPU
		{6AFC05A0-EE17-4523-9CBF-42DB7E8EB41D}.Debug|x86.ActiveCfg = Debug|Any CPU
		{6AFC05A0-EE17-4523-9CBF-42DB7E8EB41D}.Debug|x86.Build.0 = Debug|Any CPU
		{6AFC05A0-EE17-4523-9CBF-42DB7E8EB41D}.Release|Any CPU.ActiveCfg = Release|Any CPU
		{6AFC05A0-EE17-4523-9CBF-42DB7E8EB41D}.Release|Any CPU.Build.0 = Release|Any CPU
		{6AFC05A0-EE17-4523-9CBF-42DB7E8EB41D}.Release|ARM.ActiveCfg = Release|Any CPU
		{6AFC05A0-EE17-4523-9CBF-42DB7E8EB41D}.Release|ARM.Build.0 = Release|Any CPU
		{6AFC05A0-EE17-4523-9CBF-42DB7E8EB41D}.Release|ARM64.ActiveCfg = Release|Any CPU
		{6AFC05A0-EE17-4523-9CBF-42DB7E8EB41D}.Release|ARM64.Build.0 = Release|Any CPU
		{6AFC05A0-EE17-4523-9CBF-42DB7E8EB41D}.Release|x64.ActiveCfg = Release|Any CPU
		{6AFC05A0-EE17-4523-9CBF-42DB7E8EB41D}.Release|x64.Build.0 = Release|Any CPU
		{6AFC05A0-EE17-4523-9CBF-42DB7E8EB41D}.Release|x86.ActiveCfg = Release|Any CPU
		{6AFC05A0-EE17-4523-9CBF-42DB7E8EB41D}.Release|x86.Build.0 = Release|Any CPU
		{184A189D-DA82-4CF5-B829-256A8A044A7F}.Debug|Any CPU.ActiveCfg = Debug|Any CPU
		{184A189D-DA82-4CF5-B829-256A8A044A7F}.Debug|Any CPU.Build.0 = Debug|Any CPU
		{184A189D-DA82-4CF5-B829-256A8A044A7F}.Debug|ARM.ActiveCfg = Debug|Any CPU
		{184A189D-DA82-4CF5-B829-256A8A044A7F}.Debug|ARM.Build.0 = Debug|Any CPU
		{184A189D-DA82-4CF5-B829-256A8A044A7F}.Debug|ARM64.ActiveCfg = Debug|Any CPU
		{184A189D-DA82-4CF5-B829-256A8A044A7F}.Debug|ARM64.Build.0 = Debug|Any CPU
		{184A189D-DA82-4CF5-B829-256A8A044A7F}.Debug|x64.ActiveCfg = Debug|Any CPU
		{184A189D-DA82-4CF5-B829-256A8A044A7F}.Debug|x64.Build.0 = Debug|Any CPU
		{184A189D-DA82-4CF5-B829-256A8A044A7F}.Debug|x86.ActiveCfg = Debug|Any CPU
		{184A189D-DA82-4CF5-B829-256A8A044A7F}.Debug|x86.Build.0 = Debug|Any CPU
		{184A189D-DA82-4CF5-B829-256A8A044A7F}.Release|Any CPU.ActiveCfg = Release|Any CPU
		{184A189D-DA82-4CF5-B829-256A8A044A7F}.Release|Any CPU.Build.0 = Release|Any CPU
		{184A189D-DA82-4CF5-B829-256A8A044A7F}.Release|ARM.ActiveCfg = Release|Any CPU
		{184A189D-DA82-4CF5-B829-256A8A044A7F}.Release|ARM.Build.0 = Release|Any CPU
		{184A189D-DA82-4CF5-B829-256A8A044A7F}.Release|ARM64.ActiveCfg = Release|Any CPU
		{184A189D-DA82-4CF5-B829-256A8A044A7F}.Release|ARM64.Build.0 = Release|Any CPU
		{184A189D-DA82-4CF5-B829-256A8A044A7F}.Release|x64.ActiveCfg = Release|Any CPU
		{184A189D-DA82-4CF5-B829-256A8A044A7F}.Release|x64.Build.0 = Release|Any CPU
		{184A189D-DA82-4CF5-B829-256A8A044A7F}.Release|x86.ActiveCfg = Release|Any CPU
		{184A189D-DA82-4CF5-B829-256A8A044A7F}.Release|x86.Build.0 = Release|Any CPU
		{4E9F41A9-F187-463A-AF68-36DFD1F57C7E}.Debug|Any CPU.ActiveCfg = Debug|Any CPU
		{4E9F41A9-F187-463A-AF68-36DFD1F57C7E}.Debug|Any CPU.Build.0 = Debug|Any CPU
		{4E9F41A9-F187-463A-AF68-36DFD1F57C7E}.Debug|ARM.ActiveCfg = Debug|Any CPU
		{4E9F41A9-F187-463A-AF68-36DFD1F57C7E}.Debug|ARM.Build.0 = Debug|Any CPU
		{4E9F41A9-F187-463A-AF68-36DFD1F57C7E}.Debug|ARM64.ActiveCfg = Debug|Any CPU
		{4E9F41A9-F187-463A-AF68-36DFD1F57C7E}.Debug|ARM64.Build.0 = Debug|Any CPU
		{4E9F41A9-F187-463A-AF68-36DFD1F57C7E}.Debug|x64.ActiveCfg = Debug|Any CPU
		{4E9F41A9-F187-463A-AF68-36DFD1F57C7E}.Debug|x64.Build.0 = Debug|Any CPU
		{4E9F41A9-F187-463A-AF68-36DFD1F57C7E}.Debug|x86.ActiveCfg = Debug|Any CPU
		{4E9F41A9-F187-463A-AF68-36DFD1F57C7E}.Debug|x86.Build.0 = Debug|Any CPU
		{4E9F41A9-F187-463A-AF68-36DFD1F57C7E}.Release|Any CPU.ActiveCfg = Release|Any CPU
		{4E9F41A9-F187-463A-AF68-36DFD1F57C7E}.Release|Any CPU.Build.0 = Release|Any CPU
		{4E9F41A9-F187-463A-AF68-36DFD1F57C7E}.Release|ARM.ActiveCfg = Release|Any CPU
		{4E9F41A9-F187-463A-AF68-36DFD1F57C7E}.Release|ARM.Build.0 = Release|Any CPU
		{4E9F41A9-F187-463A-AF68-36DFD1F57C7E}.Release|ARM64.ActiveCfg = Release|Any CPU
		{4E9F41A9-F187-463A-AF68-36DFD1F57C7E}.Release|ARM64.Build.0 = Release|Any CPU
		{4E9F41A9-F187-463A-AF68-36DFD1F57C7E}.Release|x64.ActiveCfg = Release|Any CPU
		{4E9F41A9-F187-463A-AF68-36DFD1F57C7E}.Release|x64.Build.0 = Release|Any CPU
		{4E9F41A9-F187-463A-AF68-36DFD1F57C7E}.Release|x86.ActiveCfg = Release|Any CPU
		{4E9F41A9-F187-463A-AF68-36DFD1F57C7E}.Release|x86.Build.0 = Release|Any CPU
		{2AA31BC0-0F09-4F91-9109-36A47B81563C}.Debug|Any CPU.ActiveCfg = Debug|Any CPU
		{2AA31BC0-0F09-4F91-9109-36A47B81563C}.Debug|Any CPU.Build.0 = Debug|Any CPU
		{2AA31BC0-0F09-4F91-9109-36A47B81563C}.Debug|ARM.ActiveCfg = Debug|Any CPU
		{2AA31BC0-0F09-4F91-9109-36A47B81563C}.Debug|ARM.Build.0 = Debug|Any CPU
		{2AA31BC0-0F09-4F91-9109-36A47B81563C}.Debug|ARM64.ActiveCfg = Debug|Any CPU
		{2AA31BC0-0F09-4F91-9109-36A47B81563C}.Debug|ARM64.Build.0 = Debug|Any CPU
		{2AA31BC0-0F09-4F91-9109-36A47B81563C}.Debug|x64.ActiveCfg = Debug|Any CPU
		{2AA31BC0-0F09-4F91-9109-36A47B81563C}.Debug|x64.Build.0 = Debug|Any CPU
		{2AA31BC0-0F09-4F91-9109-36A47B81563C}.Debug|x86.ActiveCfg = Debug|Any CPU
		{2AA31BC0-0F09-4F91-9109-36A47B81563C}.Debug|x86.Build.0 = Debug|Any CPU
		{2AA31BC0-0F09-4F91-9109-36A47B81563C}.Release|Any CPU.ActiveCfg = Release|Any CPU
		{2AA31BC0-0F09-4F91-9109-36A47B81563C}.Release|Any CPU.Build.0 = Release|Any CPU
		{2AA31BC0-0F09-4F91-9109-36A47B81563C}.Release|ARM.ActiveCfg = Release|Any CPU
		{2AA31BC0-0F09-4F91-9109-36A47B81563C}.Release|ARM.Build.0 = Release|Any CPU
		{2AA31BC0-0F09-4F91-9109-36A47B81563C}.Release|ARM64.ActiveCfg = Release|Any CPU
		{2AA31BC0-0F09-4F91-9109-36A47B81563C}.Release|ARM64.Build.0 = Release|Any CPU
		{2AA31BC0-0F09-4F91-9109-36A47B81563C}.Release|x64.ActiveCfg = Release|Any CPU
		{2AA31BC0-0F09-4F91-9109-36A47B81563C}.Release|x64.Build.0 = Release|Any CPU
		{2AA31BC0-0F09-4F91-9109-36A47B81563C}.Release|x86.ActiveCfg = Release|Any CPU
		{2AA31BC0-0F09-4F91-9109-36A47B81563C}.Release|x86.Build.0 = Release|Any CPU
		{2522ADFD-2C76-4992-B9B2-58E60A481EDD}.Debug|Any CPU.ActiveCfg = Debug|Win32
		{2522ADFD-2C76-4992-B9B2-58E60A481EDD}.Debug|Any CPU.Build.0 = Debug|Win32
		{2522ADFD-2C76-4992-B9B2-58E60A481EDD}.Debug|ARM.ActiveCfg = Debug|Win32
		{2522ADFD-2C76-4992-B9B2-58E60A481EDD}.Debug|ARM64.ActiveCfg = Debug|Win32
		{2522ADFD-2C76-4992-B9B2-58E60A481EDD}.Debug|x64.ActiveCfg = Debug|x64
		{2522ADFD-2C76-4992-B9B2-58E60A481EDD}.Debug|x64.Build.0 = Debug|x64
		{2522ADFD-2C76-4992-B9B2-58E60A481EDD}.Debug|x86.ActiveCfg = Debug|Win32
		{2522ADFD-2C76-4992-B9B2-58E60A481EDD}.Debug|x86.Build.0 = Debug|Win32
		{2522ADFD-2C76-4992-B9B2-58E60A481EDD}.Release|Any CPU.ActiveCfg = Release|Win32
		{2522ADFD-2C76-4992-B9B2-58E60A481EDD}.Release|ARM.ActiveCfg = Release|Win32
		{2522ADFD-2C76-4992-B9B2-58E60A481EDD}.Release|ARM64.ActiveCfg = Release|Win32
		{2522ADFD-2C76-4992-B9B2-58E60A481EDD}.Release|x64.ActiveCfg = Release|x64
		{2522ADFD-2C76-4992-B9B2-58E60A481EDD}.Release|x64.Build.0 = Release|x64
		{2522ADFD-2C76-4992-B9B2-58E60A481EDD}.Release|x86.ActiveCfg = Release|Win32
		{2522ADFD-2C76-4992-B9B2-58E60A481EDD}.Release|x86.Build.0 = Release|Win32
		{75DF0C0B-9E77-4FED-B3F1-E61628E629AD}.Debug|Any CPU.ActiveCfg = Debug|Any CPU
		{75DF0C0B-9E77-4FED-B3F1-E61628E629AD}.Debug|Any CPU.Build.0 = Debug|Any CPU
		{75DF0C0B-9E77-4FED-B3F1-E61628E629AD}.Debug|ARM.ActiveCfg = Debug|Any CPU
		{75DF0C0B-9E77-4FED-B3F1-E61628E629AD}.Debug|ARM.Build.0 = Debug|Any CPU
		{75DF0C0B-9E77-4FED-B3F1-E61628E629AD}.Debug|ARM64.ActiveCfg = Debug|Any CPU
		{75DF0C0B-9E77-4FED-B3F1-E61628E629AD}.Debug|ARM64.Build.0 = Debug|Any CPU
		{75DF0C0B-9E77-4FED-B3F1-E61628E629AD}.Debug|x64.ActiveCfg = Debug|Any CPU
		{75DF0C0B-9E77-4FED-B3F1-E61628E629AD}.Debug|x64.Build.0 = Debug|Any CPU
		{75DF0C0B-9E77-4FED-B3F1-E61628E629AD}.Debug|x86.ActiveCfg = Debug|Any CPU
		{75DF0C0B-9E77-4FED-B3F1-E61628E629AD}.Debug|x86.Build.0 = Debug|Any CPU
		{75DF0C0B-9E77-4FED-B3F1-E61628E629AD}.Release|Any CPU.ActiveCfg = Release|Any CPU
		{75DF0C0B-9E77-4FED-B3F1-E61628E629AD}.Release|Any CPU.Build.0 = Release|Any CPU
		{75DF0C0B-9E77-4FED-B3F1-E61628E629AD}.Release|ARM.ActiveCfg = Release|Any CPU
		{75DF0C0B-9E77-4FED-B3F1-E61628E629AD}.Release|ARM.Build.0 = Release|Any CPU
		{75DF0C0B-9E77-4FED-B3F1-E61628E629AD}.Release|ARM64.ActiveCfg = Release|Any CPU
		{75DF0C0B-9E77-4FED-B3F1-E61628E629AD}.Release|ARM64.Build.0 = Release|Any CPU
		{75DF0C0B-9E77-4FED-B3F1-E61628E629AD}.Release|x64.ActiveCfg = Release|Any CPU
		{75DF0C0B-9E77-4FED-B3F1-E61628E629AD}.Release|x64.Build.0 = Release|Any CPU
		{75DF0C0B-9E77-4FED-B3F1-E61628E629AD}.Release|x86.ActiveCfg = Release|Any CPU
		{75DF0C0B-9E77-4FED-B3F1-E61628E629AD}.Release|x86.Build.0 = Release|Any CPU
		{D0D352D6-215A-4D2D-A4B1-9595D02F5273}.Debug|Any CPU.ActiveCfg = Debug|Any CPU
		{D0D352D6-215A-4D2D-A4B1-9595D02F5273}.Debug|Any CPU.Build.0 = Debug|Any CPU
		{D0D352D6-215A-4D2D-A4B1-9595D02F5273}.Debug|ARM.ActiveCfg = Debug|Any CPU
		{D0D352D6-215A-4D2D-A4B1-9595D02F5273}.Debug|ARM.Build.0 = Debug|Any CPU
		{D0D352D6-215A-4D2D-A4B1-9595D02F5273}.Debug|ARM64.ActiveCfg = Debug|Any CPU
		{D0D352D6-215A-4D2D-A4B1-9595D02F5273}.Debug|ARM64.Build.0 = Debug|Any CPU
		{D0D352D6-215A-4D2D-A4B1-9595D02F5273}.Debug|x64.ActiveCfg = Debug|Any CPU
		{D0D352D6-215A-4D2D-A4B1-9595D02F5273}.Debug|x64.Build.0 = Debug|Any CPU
		{D0D352D6-215A-4D2D-A4B1-9595D02F5273}.Debug|x86.ActiveCfg = Debug|Any CPU
		{D0D352D6-215A-4D2D-A4B1-9595D02F5273}.Debug|x86.Build.0 = Debug|Any CPU
		{D0D352D6-215A-4D2D-A4B1-9595D02F5273}.Release|Any CPU.ActiveCfg = Release|Any CPU
		{D0D352D6-215A-4D2D-A4B1-9595D02F5273}.Release|Any CPU.Build.0 = Release|Any CPU
		{D0D352D6-215A-4D2D-A4B1-9595D02F5273}.Release|ARM.ActiveCfg = Release|Any CPU
		{D0D352D6-215A-4D2D-A4B1-9595D02F5273}.Release|ARM.Build.0 = Release|Any CPU
		{D0D352D6-215A-4D2D-A4B1-9595D02F5273}.Release|ARM64.ActiveCfg = Release|Any CPU
		{D0D352D6-215A-4D2D-A4B1-9595D02F5273}.Release|ARM64.Build.0 = Release|Any CPU
		{D0D352D6-215A-4D2D-A4B1-9595D02F5273}.Release|x64.ActiveCfg = Release|Any CPU
		{D0D352D6-215A-4D2D-A4B1-9595D02F5273}.Release|x64.Build.0 = Release|Any CPU
		{D0D352D6-215A-4D2D-A4B1-9595D02F5273}.Release|x86.ActiveCfg = Release|Any CPU
		{D0D352D6-215A-4D2D-A4B1-9595D02F5273}.Release|x86.Build.0 = Release|Any CPU
		{DDCCD4C8-B1D2-48B2-96A1-46366B1946C9}.Debug|Any CPU.ActiveCfg = Debug|Any CPU
		{DDCCD4C8-B1D2-48B2-96A1-46366B1946C9}.Debug|Any CPU.Build.0 = Debug|Any CPU
		{DDCCD4C8-B1D2-48B2-96A1-46366B1946C9}.Debug|ARM.ActiveCfg = Debug|Any CPU
		{DDCCD4C8-B1D2-48B2-96A1-46366B1946C9}.Debug|ARM.Build.0 = Debug|Any CPU
		{DDCCD4C8-B1D2-48B2-96A1-46366B1946C9}.Debug|ARM64.ActiveCfg = Debug|Any CPU
		{DDCCD4C8-B1D2-48B2-96A1-46366B1946C9}.Debug|ARM64.Build.0 = Debug|Any CPU
		{DDCCD4C8-B1D2-48B2-96A1-46366B1946C9}.Debug|x64.ActiveCfg = Debug|Any CPU
		{DDCCD4C8-B1D2-48B2-96A1-46366B1946C9}.Debug|x64.Build.0 = Debug|Any CPU
		{DDCCD4C8-B1D2-48B2-96A1-46366B1946C9}.Debug|x86.ActiveCfg = Debug|Any CPU
		{DDCCD4C8-B1D2-48B2-96A1-46366B1946C9}.Debug|x86.Build.0 = Debug|Any CPU
		{DDCCD4C8-B1D2-48B2-96A1-46366B1946C9}.Release|Any CPU.ActiveCfg = Release|Any CPU
		{DDCCD4C8-B1D2-48B2-96A1-46366B1946C9}.Release|Any CPU.Build.0 = Release|Any CPU
		{DDCCD4C8-B1D2-48B2-96A1-46366B1946C9}.Release|ARM.ActiveCfg = Release|Any CPU
		{DDCCD4C8-B1D2-48B2-96A1-46366B1946C9}.Release|ARM.Build.0 = Release|Any CPU
		{DDCCD4C8-B1D2-48B2-96A1-46366B1946C9}.Release|ARM64.ActiveCfg = Release|Any CPU
		{DDCCD4C8-B1D2-48B2-96A1-46366B1946C9}.Release|ARM64.Build.0 = Release|Any CPU
		{DDCCD4C8-B1D2-48B2-96A1-46366B1946C9}.Release|x64.ActiveCfg = Release|Any CPU
		{DDCCD4C8-B1D2-48B2-96A1-46366B1946C9}.Release|x64.Build.0 = Release|Any CPU
		{DDCCD4C8-B1D2-48B2-96A1-46366B1946C9}.Release|x86.ActiveCfg = Release|Any CPU
		{DDCCD4C8-B1D2-48B2-96A1-46366B1946C9}.Release|x86.Build.0 = Release|Any CPU
		{96F7CFBC-8F6B-4C35-B253-DDC1617204E1}.Debug|Any CPU.ActiveCfg = Debug|Any CPU
		{96F7CFBC-8F6B-4C35-B253-DDC1617204E1}.Debug|Any CPU.Build.0 = Debug|Any CPU
		{96F7CFBC-8F6B-4C35-B253-DDC1617204E1}.Debug|ARM.ActiveCfg = Debug|Any CPU
		{96F7CFBC-8F6B-4C35-B253-DDC1617204E1}.Debug|ARM.Build.0 = Debug|Any CPU
		{96F7CFBC-8F6B-4C35-B253-DDC1617204E1}.Debug|ARM64.ActiveCfg = Debug|Any CPU
		{96F7CFBC-8F6B-4C35-B253-DDC1617204E1}.Debug|ARM64.Build.0 = Debug|Any CPU
		{96F7CFBC-8F6B-4C35-B253-DDC1617204E1}.Debug|x64.ActiveCfg = Debug|Any CPU
		{96F7CFBC-8F6B-4C35-B253-DDC1617204E1}.Debug|x64.Build.0 = Debug|Any CPU
		{96F7CFBC-8F6B-4C35-B253-DDC1617204E1}.Debug|x86.ActiveCfg = Debug|Any CPU
		{96F7CFBC-8F6B-4C35-B253-DDC1617204E1}.Debug|x86.Build.0 = Debug|Any CPU
		{96F7CFBC-8F6B-4C35-B253-DDC1617204E1}.Release|Any CPU.ActiveCfg = Release|Any CPU
		{96F7CFBC-8F6B-4C35-B253-DDC1617204E1}.Release|Any CPU.Build.0 = Release|Any CPU
		{96F7CFBC-8F6B-4C35-B253-DDC1617204E1}.Release|ARM.ActiveCfg = Release|Any CPU
		{96F7CFBC-8F6B-4C35-B253-DDC1617204E1}.Release|ARM.Build.0 = Release|Any CPU
		{96F7CFBC-8F6B-4C35-B253-DDC1617204E1}.Release|ARM64.ActiveCfg = Release|Any CPU
		{96F7CFBC-8F6B-4C35-B253-DDC1617204E1}.Release|ARM64.Build.0 = Release|Any CPU
		{96F7CFBC-8F6B-4C35-B253-DDC1617204E1}.Release|x64.ActiveCfg = Release|Any CPU
		{96F7CFBC-8F6B-4C35-B253-DDC1617204E1}.Release|x64.Build.0 = Release|Any CPU
		{96F7CFBC-8F6B-4C35-B253-DDC1617204E1}.Release|x86.ActiveCfg = Release|Any CPU
		{96F7CFBC-8F6B-4C35-B253-DDC1617204E1}.Release|x86.Build.0 = Release|Any CPU
	EndGlobalSection
	GlobalSection(SolutionProperties) = preSolution
		HideSolutionNode = FALSE
	EndGlobalSection
EndGlobal
